// !$*UTF8*$!
{
	archiveVersion = 1;
	classes = {
	};
	objectVersion = 46;
	objects = {

/* Begin PBXBuildFile section */
		D1DD84C01CC4CA8C0041BF1B /* main.m in Sources */ = {isa = PBXBuildFile; fileRef = D1DD84BF1CC4CA8C0041BF1B /* main.m */; };
		D1DD84C31CC4CA8C0041BF1B /* AppDelegate.m in Sources */ = {isa = PBXBuildFile; fileRef = D1DD84C21CC4CA8C0041BF1B /* AppDelegate.m */; };
		D1DD84C61CC4CA8C0041BF1B /* ViewController.m in Sources */ = {isa = PBXBuildFile; fileRef = D1DD84C51CC4CA8C0041BF1B /* ViewController.m */; };
		D1DD84C91CC4CA8C0041BF1B /* Main.storyboard in Resources */ = {isa = PBXBuildFile; fileRef = D1DD84C71CC4CA8C0041BF1B /* Main.storyboard */; };
		D1DD84CB1CC4CA8C0041BF1B /* Assets.xcassets in Resources */ = {isa = PBXBuildFile; fileRef = D1DD84CA1CC4CA8C0041BF1B /* Assets.xcassets */; };
		D1DD84CE1CC4CA8C0041BF1B /* LaunchScreen.storyboard in Resources */ = {isa = PBXBuildFile; fileRef = D1DD84CC1CC4CA8C0041BF1B /* LaunchScreen.storyboard */; };
/* End PBXBuildFile section */

/* Begin PBXFileReference section */
		D1DD84BB1CC4CA8C0041BF1B /* ScrollviewImage.app */ = {isa = PBXFileReference; explicitFileType = wrapper.application; includeInIndex = 0; path = ScrollviewImage.app; sourceTree = BUILT_PRODUCTS_DIR; };
		D1DD84BF1CC4CA8C0041BF1B /* main.m */ = {isa = PBXFileReference; lastKnownFileType = sourcecode.c.objc; path = main.m; sourceTree = "<group>"; };
		D1DD84C11CC4CA8C0041BF1B /* AppDelegate.h */ = {isa = PBXFileReference; lastKnownFileType = sourcecode.c.h; path = AppDelegate.h; sourceTree = "<group>"; };
		D1DD84C21CC4CA8C0041BF1B /* AppDelegate.m */ = {isa = PBXFileReference; lastKnownFileType = sourcecode.c.objc; path = AppDelegate.m; sourceTree = "<group>"; };
		D1DD84C41CC4CA8C0041BF1B /* ViewController.h */ = {isa = PBXFileReference; lastKnownFileType = sourcecode.c.h; path = ViewController.h; sourceTree = "<group>"; };
		D1DD84C51CC4CA8C0041BF1B /* ViewController.m */ = {isa = PBXFileReference; lastKnownFileType = sourcecode.c.objc; path = ViewController.m; sourceTree = "<group>"; };
		D1DD84C81CC4CA8C0041BF1B /* Base */ = {isa = PBXFileReference; lastKnownFileType = file.storyboard; name = Base; path = Base.lproj/Main.storyboard; sourceTree = "<group>"; };
		D1DD84CA1CC4CA8C0041BF1B /* Assets.xcassets */ = {isa = PBXFileReference; lastKnownFileType = folder.assetcatalog; path = Assets.xcassets; sourceTree = "<group>"; };
		D1DD84CD1CC4CA8C0041BF1B /* Base */ = {isa = PBXFileReference; lastKnownFileType = file.storyboard; name = Base; path = Base.lproj/LaunchScreen.storyboard; sourceTree = "<group>"; };
		D1DD84CF1CC4CA8C0041BF1B /* Info.plist */ = {isa = PBXFileReference; lastKnownFileType = text.plist.xml; path = Info.plist; sourceTree = "<group>"; };
/* End PBXFileReference section */

/* Begin PBXFrameworksBuildPhase section */
		D1DD84B81CC4CA8C0041BF1B /* Frameworks */ = {
			isa = PBXFrameworksBuildPhase;
			buildActionMask = 2147483647;
			files = (
			);
			runOnlyForDeploymentPostprocessing = 0;
		};
/* End PBXFrameworksBuildPhase section */

/* Begin PBXGroup section */
		D1DD84B21CC4CA8B0041BF1B = {
			isa = PBXGroup;
			children = (
				D1DD84BD1CC4CA8C0041BF1B /* ScrollviewImage */,
				D1DD84BC1CC4CA8C0041BF1B /* Products */,
			);
			sourceTree = "<group>";
		};
		D1DD84BC1CC4CA8C0041BF1B /* Products */ = {
			isa = PBXGroup;
			children = (
				D1DD84BB1CC4CA8C0041BF1B /* ScrollviewImage.app */,
			);
			name = Products;
			sourceTree = "<group>";
		};
		D1DD84BD1CC4CA8C0041BF1B /* ScrollviewImage */ = {
			isa = PBXGroup;
			children = (
				D1DD84C11CC4CA8C0041BF1B /* AppDelegate.h */,
				D1DD84C21CC4CA8C0041BF1B /* AppDelegate.m */,
				D1DD84C41CC4CA8C0041BF1B /* ViewController.h */,
				D1DD84C51CC4CA8C0041BF1B /* ViewController.m */,
				D1DD84C71CC4CA8C0041BF1B /* Main.storyboard */,
				D1DD84CA1CC4CA8C0041BF1B /* Assets.xcassets */,
				D1DD84CC1CC4CA8C0041BF1B /* LaunchScreen.storyboard */,
				D1DD84CF1CC4CA8C0041BF1B /* Info.plist */,
				D1DD84BE1CC4CA8C0041BF1B /* Supporting Files */,
			);
			path = ScrollviewImage;
			sourceTree = "<group>";
		};
		D1DD84BE1CC4CA8C0041BF1B /* Supporting Files */ = {
			isa = PBXGroup;
			children = (
				D1DD84BF1CC4CA8C0041BF1B /* main.m */,
			);
			name = "Supporting Files";
			sourceTree = "<group>";
		};
/* End PBXGroup section */

/* Begin PBXNativeTarget section */
		D1DD84BA1CC4CA8C0041BF1B /* ScrollviewImage */ = {
			isa = PBXNativeTarget;
			buildConfigurationList = D1DD84D21CC4CA8C0041BF1B /* Build configuration list for PBXNativeTarget "ScrollviewImage" */;
			buildPhases = (
				D1DD84B71CC4CA8C0041BF1B /* Sources */,
				D1DD84B81CC4CA8C0041BF1B /* Frameworks */,
				D1DD84B91CC4CA8C0041BF1B /* Resources */,
			);
			buildRules = (
			);
			dependencies = (
			);
			name = ScrollviewImage;
			productName = ScrollviewImage;
			productReference = D1DD84BB1CC4CA8C0041BF1B /* ScrollviewImage.app */;
			productType = "com.apple.product-type.application";
		};
/* End PBXNativeTarget section */

/* Begin PBXProject section */
		D1DD84B31CC4CA8B0041BF1B /* Project object */ = {
			isa = PBXProject;
			attributes = {
				LastUpgradeCheck = 0730;
				ORGANIZATIONNAME = "王正";
				TargetAttributes = {
					D1DD84BA1CC4CA8C0041BF1B = {
						CreatedOnToolsVersion = 7.3;
					};
				};
			};
			buildConfigurationList = D1DD84B61CC4CA8B0041BF1B /* Build configuration list for PBXProject "ScrollviewImage" */;
			compatibilityVersion = "Xcode 3.2";
			developmentRegion = English;
			hasScannedForEncodings = 0;
			knownRegions = (
				en,
				Base,
			);
			mainGroup = D1DD84B21CC4CA8B0041BF1B;
			productRefGroup = D1DD84BC1CC4CA8C0041BF1B /* Products */;
			projectDirPath = "";
			projectRoot = "";
			targets = (
				D1DD84BA1CC4CA8C0041BF1B /* ScrollviewImage */,
			);
		};
/* End PBXProject section */

/* Begin PBXResourcesBuildPhase section */
		D1DD84B91CC4CA8C0041BF1B /* Resources */ = {
			isa = PBXResourcesBuildPhase;
			buildActionMask = 2147483647;
			files = (
				D1DD84CE1CC4CA8C0041BF1B /* LaunchScreen.storyboard in Resources */,
				D1DD84CB1CC4CA8C0041BF1B /* Assets.xcassets in Resources */,
				D1DD84C91CC4CA8C0041BF1B /* Main.storyboard in Resources */,
			);
			runOnlyForDeploymentPostprocessing = 0;
		};
/* End PBXResourcesBuildPhase section */

/* Begin PBXSourcesBuildPhase section */
		D1DD84B71CC4CA8C0041BF1B /* Sources */ = {
			isa = PBXSourcesBuildPhase;
			buildActionMask = 2147483647;
			files = (
				D1DD84C61CC4CA8C0041BF1B /* ViewController.m in Sources */,
				D1DD84C31CC4CA8C0041BF1B /* AppDelegate.m in Sources */,
				D1DD84C01CC4CA8C0041BF1B /* main.m in Sources */,
			);
			runOnlyForDeploymentPostprocessing = 0;
		};
/* End PBXSourcesBuildPhase section */

/* Begin PBXVariantGroup section */
		D1DD84C71CC4CA8C0041BF1B /* Main.storyboard */ = {
			isa = PBXVariantGroup;
			children = (
				D1DD84C81CC4CA8C0041BF1B /* Base */,
			);
			name = Main.storyboard;
			sourceTree = "<group>";
		};
		D1DD84CC1CC4CA8C0041BF1B /* LaunchScreen.storyboard */ = {
			isa = PBXVariantGroup;
			children = (
				D1DD84CD1CC4CA8C0041BF1B /* Base */,
			);
			name = LaunchScreen.storyboard;
			sourceTree = "<group>";
		};
/* End PBXVariantGroup section */

/* Begin XCBuildConfiguration section */
		D1DD84D01CC4CA8C0041BF1B /* Debug */ = {
			isa = XCBuildConfiguration;
			buildSettings = {
				ALWAYS_SEARCH_USER_PATHS = NO;
				CLANG_ANALYZER_NONNULL = YES;
				CLANG_CXX_LANGUAGE_STANDARD = "gnu++0x";
				CLANG_CXX_LIBRARY = "libc++";
				CLANG_ENABLE_MODULES = YES;
				CLANG_ENABLE_OBJC_ARC = YES;
				CLANG_WARN_BOOL_CONVERSION = YES;
				CLANG_WARN_CONSTANT_CONVERSION = YES;
				CLANG_WARN_DIRECT_OBJC_ISA_USAGE = YES_ERROR;
				CLANG_WARN_EMPTY_BODY = YES;
				CLANG_WARN_ENUM_CONVERSION = YES;
				CLANG_WARN_INT_CONVERSION = YES;
				CLANG_WARN_OBJC_ROOT_CLASS = YES_ERROR;
				CLANG_WARN_UNREACHABLE_CODE = YES;
				CLANG_WARN__DUPLICATE_METHOD_MATCH = YES;
				"CODE_SIGN_IDENTITY[sdk=iphoneos*]" = "iPhone Developer";
				COPY_PHASE_STRIP = NO;
				DEBUG_INFORMATION_FORMAT = dwarf;
				ENABLE_STRICT_OBJC_MSGSEND = YES;
				ENABLE_TESTABILITY = YES;
				GCC_C_LANGUAGE_STANDARD = gnu99;
				GCC_DYNAMIC_NO_PIC = NO;
				GCC_NO_COMMON_BLOCKS = YES;
				GCC_OPTIMIZATION_LEVEL = 0;
				GCC_PREPROCESSOR_DEFINITIONS = (
					"DEBUG=1",
					"$(inherited)",
				);
				GCC_WARN_64_TO_32_BIT_CONVERSION = YES;
				GCC_WARN_ABOUT_RETURN_TYPE = YES_ERROR;
				GCC_WARN_UNDECLARED_SELECTOR = YES;
				GCC_WARN_UNINITIALIZED_AUTOS = YES_AGGRESSIVE;
				GCC_WARN_UNUSED_FUNCTION = YES;
				GCC_WARN_UNUSED_VARIABLE = YES;
				IPHONEOS_DEPLOYMENT_TARGET = 9.3;
				MTL_ENABLE_DEBUG_INFO = YES;
				ONLY_ACTIVE_ARCH = YES;
				SDKROOT = iphoneos;
				TARGETED_DEVICE_FAMILY = "1,2";
			};
			name = Debug;
		};
		D1DD84D11CC4CA8C0041BF1B /* Release */ = {
			isa = XCBuildConfiguration;
			buildSettings = {
				ALWAYS_SEARCH_USER_PATHS = NO;
				CLANG_ANALYZER_NONNULL = YES;
				CLANG_CXX_LANGUAGE_STANDARD = "gnu++0x";
				CLANG_CXX_LIBRARY = "libc++";
				CLANG_ENABLE_MODULES = YES;
				CLANG_ENABLE_OBJC_ARC = YES;
				CLANG_WARN_BOOL_CONVERSION = YES;
				CLANG_WARN_CONSTANT_CONVERSION = YES;
				CLANG_WARN_DIRECT_OBJC_ISA_USAGE = YES_ERROR;
				CLANG_WARN_EMPTY_BODY = YES;
				CLANG_WARN_ENUM_CONVERSION = YES;
				CLANG_WARN_INT_CONVERSION = YES;
				CLANG_WARN_OBJC_ROOT_CLASS = YES_ERROR;
				CLANG_WARN_UNREACHABLE_CODE = YES;
				CLANG_WARN__DUPLICATE_METHOD_MATCH = YES;
				"CODE_SIGN_IDENTITY[sdk=iphoneos*]" = "iPhone Developer";
				COPY_PHASE_STRIP = NO;
				DEBUG_INFORMATION_FORMAT = "dwarf-with-dsym";
				ENABLE_NS_ASSERTIONS = NO;
				ENABLE_STRICT_OBJC_MSGSEND = YES;
				GCC_C_LANGUAGE_STANDARD = gnu99;
				GCC_NO_COMMON_BLOCKS = YES;
				GCC_WARN_64_TO_32_BIT_CONVERSION = YES;
				GCC_WARN_ABOUT_RETURN_TYPE = YES_ERROR;
				GCC_WARN_UNDECLARED_SELECTOR = YES;
				GCC_WARN_UNINITIALIZED_AUTOS = YES_AGGRESSIVE;
				GCC_WARN_UNUSED_FUNCTION = YES;
				GCC_WARN_UNUSED_VARIABLE = YES;
				IPHONEOS_DEPLOYMENT_TARGET = 9.3;
				MTL_ENABLE_DEBUG_INFO = NO;
				SDKROOT = iphoneos;
				TARGETED_DEVICE_FAMILY = "1,2";
				VALIDATE_PRODUCT = YES;
			};
			name = Release;
		};
		D1DD84D31CC4CA8C0041BF1B /* Debug */ = {
			isa = XCBuildConfiguration;
			buildSettings = {
				ASSETCATALOG_COMPILER_APPICON_NAME = AppIcon;
				INFOPLIST_FILE = ScrollviewImage/Info.plist;
				LD_RUNPATH_SEARCH_PATHS = "$(inherited) @executable_path/Frameworks";
				PRODUCT_BUNDLE_IDENTIFIER = com.universal.kent.ScrollviewImage;
				PRODUCT_NAME = "$(TARGET_NAME)";
			};
			name = Debug;
		};
		D1DD84D41CC4CA8C0041BF1B /* Release */ = {
			isa = XCBuildConfiguration;
			buildSettings = {
				ASSETCATALOG_COMPILER_APPICON_NAME = AppIcon;
				INFOPLIST_FILE = ScrollviewImage/Info.plist;
				LD_RUNPATH_SEARCH_PATHS = "$(inherited) @executable_path/Frameworks";
				PRODUCT_BUNDLE_IDENTIFIER = com.universal.kent.ScrollviewImage;
				PRODUCT_NAME = "$(TARGET_NAME)";
			};
			name = Release;
		};
/* End XCBuildConfiguration section */

/* Begin XCConfigurationList section */
		D1DD84B61CC4CA8B0041BF1B /* Build configuration list for PBXProject "ScrollviewImage" */ = {
			isa = XCConfigurationList;
			buildConfigurations = (
				D1DD84D01CC4CA8C0041BF1B /* Debug */,
				D1DD84D11CC4CA8C0041BF1B /* Release */,
			);
			defaultConfigurationIsVisible = 0;
			defaultConfigurationName = Release;
		};
		D1DD84D21CC4CA8C0041BF1B /* Build configuration list for PBXNativeTarget "ScrollviewImage" */ = {
			isa = XCConfigurationList;
			buildConfigurations = (
				D1DD84D31CC4CA8C0041BF1B /* Debug */,
				D1DD84D41CC4CA8C0041BF1B /* Release */,
			);
			defaultConfigurationIsVisible = 0;
		};
/* End XCConfigurationList section */
	};
	rootObject = D1DD84B31CC4CA8B0041BF1B /* Project object */;
}
