// !$*UTF8*$!
{
	archiveVersion = 1;
	classes = {
	};
	objectVersion = 46;
	objects = {

/* Begin PBXBuildFile section */
		D192BFBE1CCC7E8B003AD062 /* main.m in Sources */ = {isa = PBXBuildFile; fileRef = D192BFBD1CCC7E8B003AD062 /* main.m */; };
		D192BFC61CCC7EE1003AD062 /* Calculator.m in Sources */ = {isa = PBXBuildFile; fileRef = D192BFC51CCC7EE1003AD062 /* Calculator.m */; };
/* End PBXBuildFile section */

/* Begin PBXCopyFilesBuildPhase section */
		D192BFB81CCC7E8B003AD062 /* CopyFiles */ = {
			isa = PBXCopyFilesBuildPhase;
			buildActionMask = 2147483647;
			dstPath = /usr/share/man/man1/;
			dstSubfolderSpec = 0;
			files = (
			);
			runOnlyForDeploymentPostprocessing = 1;
		};
/* End PBXCopyFilesBuildPhase section */

/* Begin PBXFileReference section */
		D192BFBA1CCC7E8B003AD062 /* Exe6.2 */ = {isa = PBXFileReference; explicitFileType = "compiled.mach-o.executable"; includeInIndex = 0; path = Exe6.2; sourceTree = BUILT_PRODUCTS_DIR; };
		D192BFBD1CCC7E8B003AD062 /* main.m */ = {isa = PBXFileReference; lastKnownFileType = sourcecode.c.objc; path = main.m; sourceTree = "<group>"; };
		D192BFC41CCC7EE1003AD062 /* Calculator.h */ = {isa = PBXFileReference; fileEncoding = 4; lastKnownFileType = sourcecode.c.h; path = Calculator.h; sourceTree = "<group>"; };
		D192BFC51CCC7EE1003AD062 /* Calculator.m */ = {isa = PBXFileReference; fileEncoding = 4; lastKnownFileType = sourcecode.c.objc; path = Calculator.m; sourceTree = "<group>"; };
/* End PBXFileReference section */

/* Begin PBXFrameworksBuildPhase section */
		D192BFB71CCC7E8B003AD062 /* Frameworks */ = {
			isa = PBXFrameworksBuildPhase;
			buildActionMask = 2147483647;
			files = (
			);
			runOnlyForDeploymentPostprocessing = 0;
		};
/* End PBXFrameworksBuildPhase section */

/* Begin PBXGroup section */
		D192BFB11CCC7E8B003AD062 = {
			isa = PBXGroup;
			children = (
				D192BFBC1CCC7E8B003AD062 /* Exe6.2 */,
				D192BFBB1CCC7E8B003AD062 /* Products */,
			);
			sourceTree = "<group>";
		};
		D192BFBB1CCC7E8B003AD062 /* Products */ = {
			isa = PBXGroup;
			children = (
				D192BFBA1CCC7E8B003AD062 /* Exe6.2 */,
			);
			name = Products;
			sourceTree = "<group>";
		};
		D192BFBC1CCC7E8B003AD062 /* Exe6.2 */ = {
			isa = PBXGroup;
			children = (
				D192BFBD1CCC7E8B003AD062 /* main.m */,
				D192BFC41CCC7EE1003AD062 /* Calculator.h */,
				D192BFC51CCC7EE1003AD062 /* Calculator.m */,
			);
			path = Exe6.2;
			sourceTree = "<group>";
		};
/* End PBXGroup section */

/* Begin PBXNativeTarget section */
		D192BFB91CCC7E8B003AD062 /* Exe6.2 */ = {
			isa = PBXNativeTarget;
			buildConfigurationList = D192BFC11CCC7E8B003AD062 /* Build configuration list for PBXNativeTarget "Exe6.2" */;
			buildPhases = (
				D192BFB61CCC7E8B003AD062 /* Sources */,
				D192BFB71CCC7E8B003AD062 /* Frameworks */,
				D192BFB81CCC7E8B003AD062 /* CopyFiles */,
			);
			buildRules = (
			);
			dependencies = (
			);
			name = Exe6.2;
			productName = Exe6.2;
			productReference = D192BFBA1CCC7E8B003AD062 /* Exe6.2 */;
			productType = "com.apple.product-type.tool";
		};
/* End PBXNativeTarget section */

/* Begin PBXProject section */
		D192BFB21CCC7E8B003AD062 /* Project object */ = {
			isa = PBXProject;
			attributes = {
				LastUpgradeCheck = 0730;
				ORGANIZATIONNAME = "王正";
				TargetAttributes = {
					D192BFB91CCC7E8B003AD062 = {
						CreatedOnToolsVersion = 7.3;
					};
				};
			};
			buildConfigurationList = D192BFB51CCC7E8B003AD062 /* Build configuration list for PBXProject "Exe6.2" */;
			compatibilityVersion = "Xcode 3.2";
			developmentRegion = English;
			hasScannedForEncodings = 0;
			knownRegions = (
				en,
			);
			mainGroup = D192BFB11CCC7E8B003AD062;
			productRefGroup = D192BFBB1CCC7E8B003AD062 /* Products */;
			projectDirPath = "";
			projectRoot = "";
			targets = (
				D192BFB91CCC7E8B003AD062 /* Exe6.2 */,
			);
		};
/* End PBXProject section */

/* Begin PBXSourcesBuildPhase section */
		D192BFB61CCC7E8B003AD062 /* Sources */ = {
			isa = PBXSourcesBuildPhase;
			buildActionMask = 2147483647;
			files = (
				D192BFBE1CCC7E8B003AD062 /* main.m in Sources */,
				D192BFC61CCC7EE1003AD062 /* Calculator.m in Sources */,
			);
			runOnlyForDeploymentPostprocessing = 0;
		};
/* End PBXSourcesBuildPhase section */

/* Begin XCBuildConfiguration section */
		D192BFBF1CCC7E8B003AD062 /* Debug */ = {
			isa = XCBuildConfiguration;
			buildSettings = {
				ALWAYS_SEARCH_USER_PATHS = NO;
				CLANG_ANALYZER_NONNULL = YES;
				CLANG_CXX_LANGUAGE_STANDARD = "gnu++0x";
				CLANG_CXX_LIBRARY = "libc++";
				CLANG_ENABLE_MODULES = YES;
				CLANG_ENABLE_OBJC_ARC = YES;
				CLANG_WARN_BOOL_CONVERSION = YES;
				CLANG_WARN_CONSTANT_CONVERSION = YES;
				CLANG_WARN_DIRECT_OBJC_ISA_USAGE = YES_ERROR;
				CLANG_WARN_EMPTY_BODY = YES;
				CLANG_WARN_ENUM_CONVERSION = YES;
				CLANG_WARN_INT_CONVERSION = YES;
				CLANG_WARN_OBJC_ROOT_CLASS = YES_ERROR;
				CLANG_WARN_UNREACHABLE_CODE = YES;
				CLANG_WARN__DUPLICATE_METHOD_MATCH = YES;
				CODE_SIGN_IDENTITY = "-";
				COPY_PHASE_STRIP = NO;
				DEBUG_INFORMATION_FORMAT = dwarf;
				ENABLE_STRICT_OBJC_MSGSEND = YES;
				ENABLE_TESTABILITY = YES;
				GCC_C_LANGUAGE_STANDARD = gnu99;
				GCC_DYNAMIC_NO_PIC = NO;
				GCC_NO_COMMON_BLOCKS = YES;
				GCC_OPTIMIZATION_LEVEL = 0;
				GCC_PREPROCESSOR_DEFINITIONS = (
					"DEBUG=1",
					"$(inherited)",
				);
				GCC_WARN_64_TO_32_BIT_CONVERSION = YES;
				GCC_WARN_ABOUT_RETURN_TYPE = YES_ERROR;
				GCC_WARN_UNDECLARED_SELECTOR = YES;
				GCC_WARN_UNINITIALIZED_AUTOS = YES_AGGRESSIVE;
				GCC_WARN_UNUSED_FUNCTION = YES;
				GCC_WARN_UNUSED_VARIABLE = YES;
				MACOSX_DEPLOYMENT_TARGET = 10.11;
				MTL_ENABLE_DEBUG_INFO = YES;
				ONLY_ACTIVE_ARCH = YES;
				SDKROOT = macosx;
			};
			name = Debug;
		};
		D192BFC01CCC7E8B003AD062 /* Release */ = {
			isa = XCBuildConfiguration;
			buildSettings = {
				ALWAYS_SEARCH_USER_PATHS = NO;
				CLANG_ANALYZER_NONNULL = YES;
				CLANG_CXX_LANGUAGE_STANDARD = "gnu++0x";
				CLANG_CXX_LIBRARY = "libc++";
				CLANG_ENABLE_MODULES = YES;
				CLANG_ENABLE_OBJC_ARC = YES;
				CLANG_WARN_BOOL_CONVERSION = YES;
				CLANG_WARN_CONSTANT_CONVERSION = YES;
				CLANG_WARN_DIRECT_OBJC_ISA_USAGE = YES_ERROR;
				CLANG_WARN_EMPTY_BODY = YES;
				CLANG_WARN_ENUM_CONVERSION = YES;
				CLANG_WARN_INT_CONVERSION = YES;
				CLANG_WARN_OBJC_ROOT_CLASS = YES_ERROR;
				CLANG_WARN_UNREACHABLE_CODE = YES;
				CLANG_WARN__DUPLICATE_METHOD_MATCH = YES;
				CODE_SIGN_IDENTITY = "-";
				COPY_PHASE_STRIP = NO;
				DEBUG_INFORMATION_FORMAT = "dwarf-with-dsym";
				ENABLE_NS_ASSERTIONS = NO;
				ENABLE_STRICT_OBJC_MSGSEND = YES;
				GCC_C_LANGUAGE_STANDARD = gnu99;
				GCC_NO_COMMON_BLOCKS = YES;
				GCC_WARN_64_TO_32_BIT_CONVERSION = YES;
				GCC_WARN_ABOUT_RETURN_TYPE = YES_ERROR;
				GCC_WARN_UNDECLARED_SELECTOR = YES;
				GCC_WARN_UNINITIALIZED_AUTOS = YES_AGGRESSIVE;
				GCC_WARN_UNUSED_FUNCTION = YES;
				GCC_WARN_UNUSED_VARIABLE = YES;
				MACOSX_DEPLOYMENT_TARGET = 10.11;
				MTL_ENABLE_DEBUG_INFO = NO;
				SDKROOT = macosx;
			};
			name = Release;
		};
		D192BFC21CCC7E8B003AD062 /* Debug */ = {
			isa = XCBuildConfiguration;
			buildSettings = {
				PRODUCT_NAME = "$(TARGET_NAME)";
			};
			name = Debug;
		};
		D192BFC31CCC7E8B003AD062 /* Release */ = {
			isa = XCBuildConfiguration;
			buildSettings = {
				PRODUCT_NAME = "$(TARGET_NAME)";
			};
			name = Release;
		};
/* End XCBuildConfiguration section */

/* Begin XCConfigurationList section */
		D192BFB51CCC7E8B003AD062 /* Build configuration list for PBXProject "Exe6.2" */ = {
			isa = XCConfigurationList;
			buildConfigurations = (
				D192BFBF1CCC7E8B003AD062 /* Debug */,
				D192BFC01CCC7E8B003AD062 /* Release */,
			);
			defaultConfigurationIsVisible = 0;
			defaultConfigurationName = Release;
		};
		D192BFC11CCC7E8B003AD062 /* Build configuration list for PBXNativeTarget "Exe6.2" */ = {
			isa = XCConfigurationList;
			buildConfigurations = (
				D192BFC21CCC7E8B003AD062 /* Debug */,
				D192BFC31CCC7E8B003AD062 /* Release */,
			);
			defaultConfigurationIsVisible = 0;
		};
/* End XCConfigurationList section */
	};
	rootObject = D192BFB21CCC7E8B003AD062 /* Project object */;
}
